{
  "name": "password-encryption-decryption_module",
  "version": "1.0.0",
  "lockfileVersion": 2,
  "requires": true,
  "packages": {
    "": {
      "name": "password-encryption-decryption_module",
      "version": "1.0.0",
      "license": "ISC",
      "dependencies": {
        "password-validator": "^5.2.1",
        "readline": "^1.3.0"
      }
    },
    "node_modules/password-validator": {
      "version": "5.2.1",
      "resolved": "https://registry.npmjs.org/password-validator/-/password-validator-5.2.1.tgz",
      "integrity": "sha512-EfNW0akQ+YrMawF5KNXoDBTdUvXwx2vxvIuq1XXUiDmti7aaBDnqTl/IAruxztWTCN0Bt+og3LL3I9E4blCRqQ==",
      "engines": {
        "node": ">=8.10.0"
      }
    },
    "node_modules/readline": {
      "version": "1.3.0",
      "resolved": "https://registry.npmjs.org/readline/-/readline-1.3.0.tgz",
      "integrity": "sha1-xYDXfvLPyHUrEySYBg3JeTp6wBw="
    }
  },
  "dependencies": {
    "password-validator": {
      "version": "5.2.1",
      "resolved": "https://registry.npmjs.org/password-validator/-/password-validator-5.2.1.tgz",
      "integrity": "sha512-EfNW0akQ+YrMawF5KNXoDBTdUvXwx2vxvIuq1XXUiDmti7aaBDnqTl/IAruxztWTCN0Bt+og3LL3I9E4blCRqQ=="
    },
    "readline": {
      "version": "1.3.0",
      "resolved": "https://registry.npmjs.org/readline/-/readline-1.3.0.tgz",
      "integrity": "sha1-xYDXfvLPyHUrEySYBg3JeTp6wBw="
    }
  }
}
